
Microsoft Visual Studio Solution File, Format Version 12.00
# Visual Studio Version 17
VisualStudioVersion = 17.6.33723.286
MinimumVisualStudioVersion = 10.0.40219.1
Project("{FAE04EC0-301F-11D3-BF4B-00C04F79EFBC}") = "nachotime-api", "nachotime-api.csproj", "{A5BFC71D-3C36-4A77-9385-A9643BA943EC}"
EndProject
Global
	GlobalSection(SolutionConfigurationPlatforms) = preSolution
		Debug|Any CPU = Debug|Any CPU
		Release|Any CPU = Release|Any CPU
	EndGlobalSection
	GlobalSection(ProjectConfigurationPlatforms) = postSolution
		{A5BFC71D-3C36-4A77-9385-A9643BA943EC}.Debug|Any CPU.ActiveCfg = Debug|Any CPU
		{A5BFC71D-3C36-4A77-9385-A9643BA943EC}.Debug|Any CPU.Build.0 = Debug|Any CPU
		{A5BFC71D-3C36-4A77-9385-A9643BA943EC}.Release|Any CPU.ActiveCfg = Release|Any CPU
		{A5BFC71D-3C36-4A77-9385-A9643BA943EC}.Release|Any CPU.Build.0 = Release|Any CPU
	EndGlobalSection
	GlobalSection(SolutionProperties) = preSolution
		HideSolutionNode = FALSE
	EndGlobalSection
	GlobalSection(ExtensibilityGlobals) = postSolution
		SolutionGuid = {6D98E92E-3BE5-46FA-86A4-5F0CCC028571}
	EndGlobalSection
EndGlobal
